Microsoft Visual Studio Solution File, Format Version 12.00
# Visual Studio 15
VisualStudioVersion = 15.0.26730.16
MinimumVisualStudioVersion = 10.0.40219.1
Project("{FAE04EC0-301F-11D3-BF4B-00C04F79EFBC}") = "TombEditor", "TombEditor\TombEditor.csproj", "{330CCD5E-D061-4C40-B568-BF367213C525}"
EndProject
Project("{FAE04EC0-301F-11D3-BF4B-00C04F79EFBC}") = "TombLib", "TombLib\TombLib.csproj", "{A0421DCD-80D1-44D8-8243-6A33F83A692C}"
EndProject
Project("{FAE04EC0-301F-11D3-BF4B-00C04F79EFBC}") = "WadTool", "WadTool\WadTool.csproj", "{FA212817-73AF-453A-9F34-A59BEABFF916}"
	ProjectSection(ProjectDependencies) = postProject
		{EB61DFAC-51A6-44E3-869C-9BBDE830A40E} = {EB61DFAC-51A6-44E3-869C-9BBDE830A40E}
		{A0421DCD-80D1-44D8-8243-6A33F83A692C} = {A0421DCD-80D1-44D8-8243-6A33F83A692C}
	EndProjectSection
EndProject
Project("{2150E333-8FDC-42A3-9474-1A3956D46DE8}") = "DarkUI", "DarkUI", "{5FED724C-4009-411F-BA19-FEC3642B956D}"
EndProject
Project("{FAE04EC0-301F-11D3-BF4B-00C04F79EFBC}") = "DarkUI", "DarkUI\DarkUI\DarkUI.csproj", "{F19472F5-8C44-4C51-A8A0-B9DE5F555255}"
EndProject
Project("{FAE04EC0-301F-11D3-BF4B-00C04F79EFBC}") = "Example", "DarkUI\Example\Example.csproj", "{FA334815-6D78-4E9A-9F4D-6C8A58222A57}"
EndProject
Project("{FAE04EC0-301F-11D3-BF4B-00C04F79EFBC}") = "NgXmlBuilder", "NgXmlBuilder\NgXmlBuilder.csproj", "{EFC2A02B-1138-46EA-A496-F94D58AC6B3D}"
EndProject
Project("{FAE04EC0-301F-11D3-BF4B-00C04F79EFBC}") = "TombLib.Forms", "TombLib.Forms\TombLib.Forms.csproj", "{EB61DFAC-51A6-44E3-869C-9BBDE830A40E}"
	ProjectSection(ProjectDependencies) = postProject
		{E2F6F614-5007-471A-A22C-39B7D840376C} = {E2F6F614-5007-471A-A22C-39B7D840376C}
	EndProjectSection
EndProject
Project("{FAE04EC0-301F-11D3-BF4B-00C04F79EFBC}") = "TombLib.Rendering", "TombLib.Rendering\TombLib.Rendering.csproj", "{E2F6F614-5007-471A-A22C-39B7D840376C}"
	ProjectSection(ProjectDependencies) = postProject
		{A0421DCD-80D1-44D8-8243-6A33F83A692C} = {A0421DCD-80D1-44D8-8243-6A33F83A692C}
	EndProjectSection
EndProject
Project("{FAE04EC0-301F-11D3-BF4B-00C04F79EFBC}") = "SoundTool", "SoundTool\SoundTool.csproj", "{AE350FF9-E471-473F-9898-2746D889D1BA}"
EndProject
Project("{FAE04EC0-301F-11D3-BF4B-00C04F79EFBC}") = "RenderingTest_TemporaryProject", "RenderingTest_TemporaryProject\RenderingTest_TemporaryProject.csproj", "{63DEDA5F-9D0B-4C6A-8AC5-CF22B0D7BB06}"
EndProject
Project("{FAE04EC0-301F-11D3-BF4B-00C04F79EFBC}") = "ScriptEditor", "ScriptEditor\ScriptEditor.csproj", "{499107F9-09FF-4598-B6B2-9A65663FEB47}"
EndProject
Global
	GlobalSection(SolutionConfigurationPlatforms) = preSolution
		Debug|Any CPU = Debug|Any CPU
		Release|Any CPU = Release|Any CPU
	EndGlobalSection
	GlobalSection(ProjectConfigurationPlatforms) = postSolution
		{330CCD5E-D061-4C40-B568-BF367213C525}.Debug|Any CPU.ActiveCfg = Debug|Any CPU
		{330CCD5E-D061-4C40-B568-BF367213C525}.Debug|Any CPU.Build.0 = Debug|Any CPU
		{330CCD5E-D061-4C40-B568-BF367213C525}.Release|Any CPU.ActiveCfg = Release|Any CPU
		{330CCD5E-D061-4C40-B568-BF367213C525}.Release|Any CPU.Build.0 = Release|Any CPU
		{A0421DCD-80D1-44D8-8243-6A33F83A692C}.Debug|Any CPU.ActiveCfg = Debug|Any CPU
		{A0421DCD-80D1-44D8-8243-6A33F83A692C}.Debug|Any CPU.Build.0 = Debug|Any CPU
		{A0421DCD-80D1-44D8-8243-6A33F83A692C}.Release|Any CPU.ActiveCfg = Release|Any CPU
		{A0421DCD-80D1-44D8-8243-6A33F83A692C}.Release|Any CPU.Build.0 = Release|Any CPU
		{FA212817-73AF-453A-9F34-A59BEABFF916}.Debug|Any CPU.ActiveCfg = Debug|Any CPU
		{FA212817-73AF-453A-9F34-A59BEABFF916}.Debug|Any CPU.Build.0 = Debug|Any CPU
		{FA212817-73AF-453A-9F34-A59BEABFF916}.Release|Any CPU.ActiveCfg = Release|Any CPU
		{FA212817-73AF-453A-9F34-A59BEABFF916}.Release|Any CPU.Build.0 = Release|Any CPU
		{F19472F5-8C44-4C51-A8A0-B9DE5F555255}.Debug|Any CPU.ActiveCfg = Debug|Any CPU
		{F19472F5-8C44-4C51-A8A0-B9DE5F555255}.Debug|Any CPU.Build.0 = Debug|Any CPU
		{F19472F5-8C44-4C51-A8A0-B9DE5F555255}.Release|Any CPU.ActiveCfg = Release|Any CPU
		{F19472F5-8C44-4C51-A8A0-B9DE5F555255}.Release|Any CPU.Build.0 = Release|Any CPU
		{FA334815-6D78-4E9A-9F4D-6C8A58222A57}.Debug|Any CPU.ActiveCfg = Debug|Any CPU
		{FA334815-6D78-4E9A-9F4D-6C8A58222A57}.Debug|Any CPU.Build.0 = Debug|Any CPU
		{FA334815-6D78-4E9A-9F4D-6C8A58222A57}.Release|Any CPU.ActiveCfg = Release|Any CPU
		{FA334815-6D78-4E9A-9F4D-6C8A58222A57}.Release|Any CPU.Build.0 = Release|Any CPU
		{EFC2A02B-1138-46EA-A496-F94D58AC6B3D}.Debug|Any CPU.ActiveCfg = Debug|Any CPU
		{EFC2A02B-1138-46EA-A496-F94D58AC6B3D}.Debug|Any CPU.Build.0 = Debug|Any CPU
		{EFC2A02B-1138-46EA-A496-F94D58AC6B3D}.Release|Any CPU.ActiveCfg = Release|Any CPU
		{EFC2A02B-1138-46EA-A496-F94D58AC6B3D}.Release|Any CPU.Build.0 = Release|Any CPU
		{EB61DFAC-51A6-44E3-869C-9BBDE830A40E}.Debug|Any CPU.ActiveCfg = Debug|Any CPU
		{EB61DFAC-51A6-44E3-869C-9BBDE830A40E}.Debug|Any CPU.Build.0 = Debug|Any CPU
		{EB61DFAC-51A6-44E3-869C-9BBDE830A40E}.Release|Any CPU.ActiveCfg = Release|Any CPU
		{EB61DFAC-51A6-44E3-869C-9BBDE830A40E}.Release|Any CPU.Build.0 = Release|Any CPU
		{E2F6F614-5007-471A-A22C-39B7D840376C}.Debug|Any CPU.ActiveCfg = Debug|Any CPU
		{E2F6F614-5007-471A-A22C-39B7D840376C}.Debug|Any CPU.Build.0 = Debug|Any CPU
		{E2F6F614-5007-471A-A22C-39B7D840376C}.Release|Any CPU.ActiveCfg = Release|Any CPU
		{E2F6F614-5007-471A-A22C-39B7D840376C}.Release|Any CPU.Build.0 = Release|Any CPU
		{AE350FF9-E471-473F-9898-2746D889D1BA}.Debug|Any CPU.ActiveCfg = Debug|Any CPU
		{AE350FF9-E471-473F-9898-2746D889D1BA}.Debug|Any CPU.Build.0 = Debug|Any CPU
		{AE350FF9-E471-473F-9898-2746D889D1BA}.Release|Any CPU.ActiveCfg = Release|Any CPU
		{AE350FF9-E471-473F-9898-2746D889D1BA}.Release|Any CPU.Build.0 = Release|Any CPU
		{63DEDA5F-9D0B-4C6A-8AC5-CF22B0D7BB06}.Debug|Any CPU.ActiveCfg = Debug|Any CPU
		{63DEDA5F-9D0B-4C6A-8AC5-CF22B0D7BB06}.Debug|Any CPU.Build.0 = Debug|Any CPU
		{63DEDA5F-9D0B-4C6A-8AC5-CF22B0D7BB06}.Release|Any CPU.ActiveCfg = Release|Any CPU
		{63DEDA5F-9D0B-4C6A-8AC5-CF22B0D7BB06}.Release|Any CPU.Build.0 = Release|Any CPU
		{499107F9-09FF-4598-B6B2-9A65663FEB47}.Debug|Any CPU.ActiveCfg = Debug|Any CPU
		{499107F9-09FF-4598-B6B2-9A65663FEB47}.Debug|Any CPU.Build.0 = Debug|Any CPU
		{499107F9-09FF-4598-B6B2-9A65663FEB47}.Release|Any CPU.ActiveCfg = Release|Any CPU
		{499107F9-09FF-4598-B6B2-9A65663FEB47}.Release|Any CPU.Build.0 = Release|Any CPU
	EndGlobalSection
	GlobalSection(SolutionProperties) = preSolution
		HideSolutionNode = FALSE
	EndGlobalSection
	GlobalSection(NestedProjects) = preSolution
		{F19472F5-8C44-4C51-A8A0-B9DE5F555255} = {5FED724C-4009-411F-BA19-FEC3642B956D}
		{FA334815-6D78-4E9A-9F4D-6C8A58222A57} = {5FED724C-4009-411F-BA19-FEC3642B956D}
	EndGlobalSection
	GlobalSection(ExtensibilityGlobals) = postSolution
		SolutionGuid = {E1C98156-D4B8-411B-8A31-0EFC1D63BFBE}
	EndGlobalSection
EndGlobal
