Microsoft Visual Studio Solution File, Format Version 12.00
# Visual Studio Version 16
VisualStudioVersion = 16.0.29123.88
MinimumVisualStudioVersion = 10.0.40219.1
Project("{FAE04EC0-301F-11D3-BF4B-00C04F79EFBC}") = "TombEditor", "TombEditor\TombEditor.csproj", "{330CCD5E-D061-4C40-B568-BF367213C525}"
EndProject
Project("{FAE04EC0-301F-11D3-BF4B-00C04F79EFBC}") = "TombLib", "TombLib\TombLib.csproj", "{A0421DCD-80D1-44D8-8243-6A33F83A692C}"
EndProject
Project("{FAE04EC0-301F-11D3-BF4B-00C04F79EFBC}") = "WadTool", "WadTool\WadTool.csproj", "{FA212817-73AF-453A-9F34-A59BEABFF916}"
	ProjectSection(ProjectDependencies) = postProject
		{EB61DFAC-51A6-44E3-869C-9BBDE830A40E} = {EB61DFAC-51A6-44E3-869C-9BBDE830A40E}
		{A0421DCD-80D1-44D8-8243-6A33F83A692C} = {A0421DCD-80D1-44D8-8243-6A33F83A692C}
	EndProjectSection
EndProject
Project("{2150E333-8FDC-42A3-9474-1A3956D46DE8}") = "DarkUI", "DarkUI", "{5FED724C-4009-411F-BA19-FEC3642B956D}"
EndProject
Project("{FAE04EC0-301F-11D3-BF4B-00C04F79EFBC}") = "DarkUI", "DarkUI\DarkUI\DarkUI.csproj", "{F19472F5-8C44-4C51-A8A0-B9DE5F555255}"
EndProject
Project("{FAE04EC0-301F-11D3-BF4B-00C04F79EFBC}") = "Example", "DarkUI\Example\Example.csproj", "{FA334815-6D78-4E9A-9F4D-6C8A58222A57}"
EndProject
Project("{FAE04EC0-301F-11D3-BF4B-00C04F79EFBC}") = "NgXmlBuilder", "NgXmlBuilder\NgXmlBuilder.csproj", "{EFC2A02B-1138-46EA-A496-F94D58AC6B3D}"
EndProject
Project("{FAE04EC0-301F-11D3-BF4B-00C04F79EFBC}") = "TombLib.Forms", "TombLib.Forms\TombLib.Forms.csproj", "{EB61DFAC-51A6-44E3-869C-9BBDE830A40E}"
	ProjectSection(ProjectDependencies) = postProject
		{E2F6F614-5007-471A-A22C-39B7D840376C} = {E2F6F614-5007-471A-A22C-39B7D840376C}
	EndProjectSection
EndProject
Project("{FAE04EC0-301F-11D3-BF4B-00C04F79EFBC}") = "TombLib.Rendering", "TombLib.Rendering\TombLib.Rendering.csproj", "{E2F6F614-5007-471A-A22C-39B7D840376C}"
	ProjectSection(ProjectDependencies) = postProject
		{A0421DCD-80D1-44D8-8243-6A33F83A692C} = {A0421DCD-80D1-44D8-8243-6A33F83A692C}
	EndProjectSection
EndProject
Project("{FAE04EC0-301F-11D3-BF4B-00C04F79EFBC}") = "TombInspect", "TombInspect\TombInspect.csproj", "{6ED36911-8338-4BCA-8F80-A11AAEF96E3D}"
EndProject
Project("{FAE04EC0-301F-11D3-BF4B-00C04F79EFBC}") = "TombIDE.ProjectMaster", "TombIDE\TombIDE.ProjectMaster\TombIDE.ProjectMaster.csproj", "{8E9772C8-DFFD-4ABB-A319-8226F9A4EE14}"
EndProject
Project("{2150E333-8FDC-42A3-9474-1A3956D46DE8}") = "TombIDE", "TombIDE", "{0AC29DCD-5AA3-4658-A945-F5B5BCE8FD5E}"
EndProject
Project("{FAE04EC0-301F-11D3-BF4B-00C04F79EFBC}") = "TombIDE", "TombIDE\TombIDE\TombIDE.csproj", "{CA19A4C1-85E7-4BB2-97C6-1AAA2B48C532}"
EndProject
Project("{FAE04EC0-301F-11D3-BF4B-00C04F79EFBC}") = "TombIDE.ScriptEditor", "TombIDE\TombIDE.ScriptEditor\TombIDE.ScriptEditor.csproj", "{2397EA24-CB8E-482F-8E93-F3D626D255E5}"
EndProject
Project("{FAE04EC0-301F-11D3-BF4B-00C04F79EFBC}") = "TombIDE.Shared", "TombIDE\TombIDE.Shared\TombIDE.Shared.csproj", "{92D73867-1202-43E5-B615-FB998ED8F796}"
EndProject
Project("{FAE04EC0-301F-11D3-BF4B-00C04F79EFBC}") = "TombIDE.REGSVR", "TombIDE\TombIDE.REGSVR\TombIDE.REGSVR.csproj", "{8F6B306B-3E55-4295-B822-BF29E7781B2B}"
EndProject
Global
	GlobalSection(SolutionConfigurationPlatforms) = preSolution
		Debug|Any CPU = Debug|Any CPU
		Release|Any CPU = Release|Any CPU
	EndGlobalSection
	GlobalSection(ProjectConfigurationPlatforms) = postSolution
		{330CCD5E-D061-4C40-B568-BF367213C525}.Debug|Any CPU.ActiveCfg = Debug|Any CPU
		{330CCD5E-D061-4C40-B568-BF367213C525}.Debug|Any CPU.Build.0 = Debug|Any CPU
		{330CCD5E-D061-4C40-B568-BF367213C525}.Release|Any CPU.ActiveCfg = Release|Any CPU
		{330CCD5E-D061-4C40-B568-BF367213C525}.Release|Any CPU.Build.0 = Release|Any CPU
		{A0421DCD-80D1-44D8-8243-6A33F83A692C}.Debug|Any CPU.ActiveCfg = Debug|Any CPU
		{A0421DCD-80D1-44D8-8243-6A33F83A692C}.Debug|Any CPU.Build.0 = Debug|Any CPU
		{A0421DCD-80D1-44D8-8243-6A33F83A692C}.Release|Any CPU.ActiveCfg = Release|Any CPU
		{A0421DCD-80D1-44D8-8243-6A33F83A692C}.Release|Any CPU.Build.0 = Release|Any CPU
		{FA212817-73AF-453A-9F34-A59BEABFF916}.Debug|Any CPU.ActiveCfg = Debug|Any CPU
		{FA212817-73AF-453A-9F34-A59BEABFF916}.Debug|Any CPU.Build.0 = Debug|Any CPU
		{FA212817-73AF-453A-9F34-A59BEABFF916}.Release|Any CPU.ActiveCfg = Release|Any CPU
		{FA212817-73AF-453A-9F34-A59BEABFF916}.Release|Any CPU.Build.0 = Release|Any CPU
		{F19472F5-8C44-4C51-A8A0-B9DE5F555255}.Debug|Any CPU.ActiveCfg = Debug|Any CPU
		{F19472F5-8C44-4C51-A8A0-B9DE5F555255}.Debug|Any CPU.Build.0 = Debug|Any CPU
		{F19472F5-8C44-4C51-A8A0-B9DE5F555255}.Release|Any CPU.ActiveCfg = Release|Any CPU
		{F19472F5-8C44-4C51-A8A0-B9DE5F555255}.Release|Any CPU.Build.0 = Release|Any CPU
		{FA334815-6D78-4E9A-9F4D-6C8A58222A57}.Debug|Any CPU.ActiveCfg = Debug|Any CPU
		{FA334815-6D78-4E9A-9F4D-6C8A58222A57}.Debug|Any CPU.Build.0 = Debug|Any CPU
		{FA334815-6D78-4E9A-9F4D-6C8A58222A57}.Release|Any CPU.ActiveCfg = Release|Any CPU
		{FA334815-6D78-4E9A-9F4D-6C8A58222A57}.Release|Any CPU.Build.0 = Release|Any CPU
		{EFC2A02B-1138-46EA-A496-F94D58AC6B3D}.Debug|Any CPU.ActiveCfg = Debug|Any CPU
		{EFC2A02B-1138-46EA-A496-F94D58AC6B3D}.Debug|Any CPU.Build.0 = Debug|Any CPU
		{EFC2A02B-1138-46EA-A496-F94D58AC6B3D}.Release|Any CPU.ActiveCfg = Release|Any CPU
		{EFC2A02B-1138-46EA-A496-F94D58AC6B3D}.Release|Any CPU.Build.0 = Release|Any CPU
		{EB61DFAC-51A6-44E3-869C-9BBDE830A40E}.Debug|Any CPU.ActiveCfg = Debug|Any CPU
		{EB61DFAC-51A6-44E3-869C-9BBDE830A40E}.Debug|Any CPU.Build.0 = Debug|Any CPU
		{EB61DFAC-51A6-44E3-869C-9BBDE830A40E}.Release|Any CPU.ActiveCfg = Release|Any CPU
		{EB61DFAC-51A6-44E3-869C-9BBDE830A40E}.Release|Any CPU.Build.0 = Release|Any CPU
		{E2F6F614-5007-471A-A22C-39B7D840376C}.Debug|Any CPU.ActiveCfg = Debug|Any CPU
		{E2F6F614-5007-471A-A22C-39B7D840376C}.Debug|Any CPU.Build.0 = Debug|Any CPU
		{E2F6F614-5007-471A-A22C-39B7D840376C}.Release|Any CPU.ActiveCfg = Release|Any CPU
		{E2F6F614-5007-471A-A22C-39B7D840376C}.Release|Any CPU.Build.0 = Release|Any CPU
		{6ED36911-8338-4BCA-8F80-A11AAEF96E3D}.Debug|Any CPU.ActiveCfg = Debug|Any CPU
		{6ED36911-8338-4BCA-8F80-A11AAEF96E3D}.Debug|Any CPU.Build.0 = Debug|Any CPU
		{6ED36911-8338-4BCA-8F80-A11AAEF96E3D}.Release|Any CPU.ActiveCfg = Release|Any CPU
		{6ED36911-8338-4BCA-8F80-A11AAEF96E3D}.Release|Any CPU.Build.0 = Release|Any CPU
		{8E9772C8-DFFD-4ABB-A319-8226F9A4EE14}.Debug|Any CPU.ActiveCfg = Debug|Any CPU
		{8E9772C8-DFFD-4ABB-A319-8226F9A4EE14}.Debug|Any CPU.Build.0 = Debug|Any CPU
		{8E9772C8-DFFD-4ABB-A319-8226F9A4EE14}.Release|Any CPU.ActiveCfg = Release|Any CPU
		{8E9772C8-DFFD-4ABB-A319-8226F9A4EE14}.Release|Any CPU.Build.0 = Release|Any CPU
		{CA19A4C1-85E7-4BB2-97C6-1AAA2B48C532}.Debug|Any CPU.ActiveCfg = Debug|Any CPU
		{CA19A4C1-85E7-4BB2-97C6-1AAA2B48C532}.Debug|Any CPU.Build.0 = Debug|Any CPU
		{CA19A4C1-85E7-4BB2-97C6-1AAA2B48C532}.Release|Any CPU.ActiveCfg = Release|Any CPU
		{CA19A4C1-85E7-4BB2-97C6-1AAA2B48C532}.Release|Any CPU.Build.0 = Release|Any CPU
		{2397EA24-CB8E-482F-8E93-F3D626D255E5}.Debug|Any CPU.ActiveCfg = Debug|Any CPU
		{2397EA24-CB8E-482F-8E93-F3D626D255E5}.Debug|Any CPU.Build.0 = Debug|Any CPU
		{2397EA24-CB8E-482F-8E93-F3D626D255E5}.Release|Any CPU.ActiveCfg = Release|Any CPU
		{2397EA24-CB8E-482F-8E93-F3D626D255E5}.Release|Any CPU.Build.0 = Release|Any CPU
		{92D73867-1202-43E5-B615-FB998ED8F796}.Debug|Any CPU.ActiveCfg = Debug|Any CPU
		{92D73867-1202-43E5-B615-FB998ED8F796}.Debug|Any CPU.Build.0 = Debug|Any CPU
		{92D73867-1202-43E5-B615-FB998ED8F796}.Release|Any CPU.ActiveCfg = Release|Any CPU
		{92D73867-1202-43E5-B615-FB998ED8F796}.Release|Any CPU.Build.0 = Release|Any CPU
		{8F6B306B-3E55-4295-B822-BF29E7781B2B}.Debug|Any CPU.ActiveCfg = Debug|Any CPU
		{8F6B306B-3E55-4295-B822-BF29E7781B2B}.Debug|Any CPU.Build.0 = Debug|Any CPU
		{8F6B306B-3E55-4295-B822-BF29E7781B2B}.Release|Any CPU.ActiveCfg = Release|Any CPU
		{8F6B306B-3E55-4295-B822-BF29E7781B2B}.Release|Any CPU.Build.0 = Release|Any CPU
	EndGlobalSection
	GlobalSection(SolutionProperties) = preSolution
		HideSolutionNode = FALSE
	EndGlobalSection
	GlobalSection(NestedProjects) = preSolution
		{F19472F5-8C44-4C51-A8A0-B9DE5F555255} = {5FED724C-4009-411F-BA19-FEC3642B956D}
		{FA334815-6D78-4E9A-9F4D-6C8A58222A57} = {5FED724C-4009-411F-BA19-FEC3642B956D}
		{8E9772C8-DFFD-4ABB-A319-8226F9A4EE14} = {0AC29DCD-5AA3-4658-A945-F5B5BCE8FD5E}
		{CA19A4C1-85E7-4BB2-97C6-1AAA2B48C532} = {0AC29DCD-5AA3-4658-A945-F5B5BCE8FD5E}
		{2397EA24-CB8E-482F-8E93-F3D626D255E5} = {0AC29DCD-5AA3-4658-A945-F5B5BCE8FD5E}
		{92D73867-1202-43E5-B615-FB998ED8F796} = {0AC29DCD-5AA3-4658-A945-F5B5BCE8FD5E}
		{8F6B306B-3E55-4295-B822-BF29E7781B2B} = {0AC29DCD-5AA3-4658-A945-F5B5BCE8FD5E}
	EndGlobalSection
	GlobalSection(ExtensibilityGlobals) = postSolution
		SolutionGuid = {E1C98156-D4B8-411B-8A31-0EFC1D63BFBE}
	EndGlobalSection
EndGlobal
