Microsoft Visual Studio Solution File, Format Version 12.00
# Visual Studio Version 17
VisualStudioVersion = 17.1.32328.378
MinimumVisualStudioVersion = 10.0.40219.1
Project("{9A19103F-16F7-4668-BE54-9A1E7A4F7556}") = "TombEditor", "TombEditor\TombEditor.csproj", "{330CCD5E-D061-4C40-B568-BF367213C525}"
EndProject
Project("{9A19103F-16F7-4668-BE54-9A1E7A4F7556}") = "TombLib", "TombLib\TombLib\TombLib.csproj", "{A0421DCD-80D1-44D8-8243-6A33F83A692C}"
EndProject
Project("{9A19103F-16F7-4668-BE54-9A1E7A4F7556}") = "WadTool", "WadTool\WadTool.csproj", "{FA212817-73AF-453A-9F34-A59BEABFF916}"
	ProjectSection(ProjectDependencies) = postProject
		{EB61DFAC-51A6-44E3-869C-9BBDE830A40E} = {EB61DFAC-51A6-44E3-869C-9BBDE830A40E}
		{A0421DCD-80D1-44D8-8243-6A33F83A692C} = {A0421DCD-80D1-44D8-8243-6A33F83A692C}
	EndProjectSection
EndProject
Project("{2150E333-8FDC-42A3-9474-1A3956D46DE8}") = "DarkUI", "DarkUI", "{5FED724C-4009-411F-BA19-FEC3642B956D}"
EndProject
Project("{9A19103F-16F7-4668-BE54-9A1E7A4F7556}") = "DarkUI", "DarkUI\DarkUI\DarkUI.csproj", "{F19472F5-8C44-4C51-A8A0-B9DE5F555255}"
EndProject
Project("{9A19103F-16F7-4668-BE54-9A1E7A4F7556}") = "Example", "DarkUI\Example\Example.csproj", "{FA334815-6D78-4E9A-9F4D-6C8A58222A57}"
EndProject
Project("{9A19103F-16F7-4668-BE54-9A1E7A4F7556}") = "NgXmlBuilder", "NgXmlBuilder\NgXmlBuilder.csproj", "{EFC2A02B-1138-46EA-A496-F94D58AC6B3D}"
EndProject
Project("{9A19103F-16F7-4668-BE54-9A1E7A4F7556}") = "TombLib.Forms", "TombLib\TombLib.Forms\TombLib.Forms.csproj", "{EB61DFAC-51A6-44E3-869C-9BBDE830A40E}"
	ProjectSection(ProjectDependencies) = postProject
		{E2F6F614-5007-471A-A22C-39B7D840376C} = {E2F6F614-5007-471A-A22C-39B7D840376C}
	EndProjectSection
EndProject
Project("{9A19103F-16F7-4668-BE54-9A1E7A4F7556}") = "TombLib.Rendering", "TombLib\TombLib.Rendering\TombLib.Rendering.csproj", "{E2F6F614-5007-471A-A22C-39B7D840376C}"
	ProjectSection(ProjectDependencies) = postProject
		{A0421DCD-80D1-44D8-8243-6A33F83A692C} = {A0421DCD-80D1-44D8-8243-6A33F83A692C}
	EndProjectSection
EndProject
Project("{9A19103F-16F7-4668-BE54-9A1E7A4F7556}") = "SoundTool", "SoundTool\SoundTool.csproj", "{AE350FF9-E471-473F-9898-2746D889D1BA}"
EndProject
Project("{9A19103F-16F7-4668-BE54-9A1E7A4F7556}") = "TombIDE.ProjectMaster", "TombIDE\TombIDE.ProjectMaster\TombIDE.ProjectMaster.csproj", "{8E9772C8-DFFD-4ABB-A319-8226F9A4EE14}"
EndProject
Project("{2150E333-8FDC-42A3-9474-1A3956D46DE8}") = "TombIDE", "TombIDE", "{0AC29DCD-5AA3-4658-A945-F5B5BCE8FD5E}"
EndProject
Project("{9A19103F-16F7-4668-BE54-9A1E7A4F7556}") = "TombIDE", "TombIDE\TombIDE\TombIDE.csproj", "{CA19A4C1-85E7-4BB2-97C6-1AAA2B48C532}"
EndProject
Project("{9A19103F-16F7-4668-BE54-9A1E7A4F7556}") = "TombIDE.ScriptingStudio", "TombIDE\TombIDE.ScriptingStudio\TombIDE.ScriptingStudio.csproj", "{2397EA24-CB8E-482F-8E93-F3D626D255E5}"
EndProject
Project("{9A19103F-16F7-4668-BE54-9A1E7A4F7556}") = "TombIDE.Shared", "TombIDE\TombIDE.Shared\TombIDE.Shared.csproj", "{92D73867-1202-43E5-B615-FB998ED8F796}"
EndProject
Project("{9A19103F-16F7-4668-BE54-9A1E7A4F7556}") = "TombIDE.REGSVR", "TombIDE\TombIDE.REGSVR\TombIDE.REGSVR.csproj", "{8F6B306B-3E55-4295-B822-BF29E7781B2B}"
EndProject
Project("{2150E333-8FDC-42A3-9474-1A3956D46DE8}") = "TombLib", "TombLib", "{642147AB-23FD-4715-AE26-90BE6C755FD0}"
EndProject
Project("{9A19103F-16F7-4668-BE54-9A1E7A4F7556}") = "TombLib.Scripting", "TombLib\TombLib.Scripting\TombLib.Scripting.csproj", "{3EAAFD71-DD96-427D-8793-643DADD2F3A3}"
EndProject
Project("{9A19103F-16F7-4668-BE54-9A1E7A4F7556}") = "TombLib.Scripting.ClassicScript", "TombLib\TombLib.Scripting.ClassicScript\TombLib.Scripting.ClassicScript.csproj", "{5D9A72E7-4B33-4177-AD7C-1B46591005FD}"
EndProject
Project("{9A19103F-16F7-4668-BE54-9A1E7A4F7556}") = "TombLib.Scripting.Lua", "TombLib\TombLib.Scripting.Lua\TombLib.Scripting.Lua.csproj", "{87D4149C-E716-49F6-848F-ACA345D11B30}"
EndProject
Project("{9A19103F-16F7-4668-BE54-9A1E7A4F7556}") = "FileAssociation", "FileAssociation\FileAssociation.csproj", "{934E79A8-2B20-4E0E-A145-08404493A7F6}"
EndProject
Project("{9A19103F-16F7-4668-BE54-9A1E7A4F7556}") = "TombLib.Scripting.GameFlowScript", "TombLib\TombLib.Scripting.GameFlowScript\TombLib.Scripting.GameFlowScript.csproj", "{98E13BC4-6196-4346-AB4F-92DE33D84589}"
EndProject
Project("{9A19103F-16F7-4668-BE54-9A1E7A4F7556}") = "TombLib.Scripting.Tomb1Main", "TombLib\TombLib.Scripting.Tomb1Main\TombLib.Scripting.Tomb1Main.csproj", "{7987FD7B-AAC9-4C7F-8188-C54FDE35C3D6}"
EndProject
Project("{FAE04EC0-301F-11D3-BF4B-00C04F79EFBC}") = "TombLib.Test", "TombLib\TombLib.Test\TombLib.Test.csproj", "{61E45B12-B972-136D-6066-1CD28A5429E1}"
EndProject
Project("{FAE04EC0-301F-11D3-BF4B-00C04F79EFBC}") = "DarkUI.WPF", "DarkUI\DarkUI.WPF\DarkUI.WPF.csproj", "{E1E456E7-D224-460F-9C65-C6FFAD69F1A5}"
EndProject
Project("{FAE04EC0-301F-11D3-BF4B-00C04F79EFBC}") = "DarkUI.WPF.Demo", "DarkUI\DarkUI.WPF.Demo\DarkUI.WPF.Demo.csproj", "{E9735476-7460-42E5-AA5A-8F3244C3B0A5}"
EndProject
Project("{FAE04EC0-301F-11D3-BF4B-00C04F79EFBC}") = "LuaApiBuilder", "LuaApiBuilder\LuaApiBuilder.csproj", "{B7DD9EF9-2AD4-4FB7-9576-35B92502D1AD}"
EndProject
Global
	GlobalSection(SolutionConfigurationPlatforms) = preSolution
		Debug|x64 = Debug|x64
		Debug|x86 = Debug|x86
		Release|x64 = Release|x64
		Release|x86 = Release|x86
	EndGlobalSection
	GlobalSection(ProjectConfigurationPlatforms) = postSolution
		{330CCD5E-D061-4C40-B568-BF367213C525}.Debug|x64.ActiveCfg = Debug|x64
		{330CCD5E-D061-4C40-B568-BF367213C525}.Debug|x64.Build.0 = Debug|x64
		{330CCD5E-D061-4C40-B568-BF367213C525}.Debug|x86.ActiveCfg = Debug|x86
		{330CCD5E-D061-4C40-B568-BF367213C525}.Debug|x86.Build.0 = Debug|x86
		{330CCD5E-D061-4C40-B568-BF367213C525}.Release|x64.ActiveCfg = Release|x64
		{330CCD5E-D061-4C40-B568-BF367213C525}.Release|x64.Build.0 = Release|x64
		{330CCD5E-D061-4C40-B568-BF367213C525}.Release|x86.ActiveCfg = Release|x86
		{330CCD5E-D061-4C40-B568-BF367213C525}.Release|x86.Build.0 = Release|x86
		{A0421DCD-80D1-44D8-8243-6A33F83A692C}.Debug|x64.ActiveCfg = Debug|x64
		{A0421DCD-80D1-44D8-8243-6A33F83A692C}.Debug|x64.Build.0 = Debug|x64
		{A0421DCD-80D1-44D8-8243-6A33F83A692C}.Debug|x86.ActiveCfg = Debug|x86
		{A0421DCD-80D1-44D8-8243-6A33F83A692C}.Debug|x86.Build.0 = Debug|x86
		{A0421DCD-80D1-44D8-8243-6A33F83A692C}.Release|x64.ActiveCfg = Release|x64
		{A0421DCD-80D1-44D8-8243-6A33F83A692C}.Release|x64.Build.0 = Release|x64
		{A0421DCD-80D1-44D8-8243-6A33F83A692C}.Release|x86.ActiveCfg = Release|x86
		{A0421DCD-80D1-44D8-8243-6A33F83A692C}.Release|x86.Build.0 = Release|x86
		{FA212817-73AF-453A-9F34-A59BEABFF916}.Debug|x64.ActiveCfg = Debug|x64
		{FA212817-73AF-453A-9F34-A59BEABFF916}.Debug|x64.Build.0 = Debug|x64
		{FA212817-73AF-453A-9F34-A59BEABFF916}.Debug|x86.ActiveCfg = Debug|x86
		{FA212817-73AF-453A-9F34-A59BEABFF916}.Debug|x86.Build.0 = Debug|x86
		{FA212817-73AF-453A-9F34-A59BEABFF916}.Release|x64.ActiveCfg = Release|x64
		{FA212817-73AF-453A-9F34-A59BEABFF916}.Release|x64.Build.0 = Release|x64
		{FA212817-73AF-453A-9F34-A59BEABFF916}.Release|x86.ActiveCfg = Release|x86
		{FA212817-73AF-453A-9F34-A59BEABFF916}.Release|x86.Build.0 = Release|x86
		{F19472F5-8C44-4C51-A8A0-B9DE5F555255}.Debug|x64.ActiveCfg = Debug|x64
		{F19472F5-8C44-4C51-A8A0-B9DE5F555255}.Debug|x64.Build.0 = Debug|x64
		{F19472F5-8C44-4C51-A8A0-B9DE5F555255}.Debug|x86.ActiveCfg = Debug|x86
		{F19472F5-8C44-4C51-A8A0-B9DE5F555255}.Debug|x86.Build.0 = Debug|x86
		{F19472F5-8C44-4C51-A8A0-B9DE5F555255}.Release|x64.ActiveCfg = Release|x64
		{F19472F5-8C44-4C51-A8A0-B9DE5F555255}.Release|x64.Build.0 = Release|x64
		{F19472F5-8C44-4C51-A8A0-B9DE5F555255}.Release|x86.ActiveCfg = Release|x86
		{F19472F5-8C44-4C51-A8A0-B9DE5F555255}.Release|x86.Build.0 = Release|x86
		{FA334815-6D78-4E9A-9F4D-6C8A58222A57}.Debug|x64.ActiveCfg = Debug|x64
		{FA334815-6D78-4E9A-9F4D-6C8A58222A57}.Debug|x64.Build.0 = Debug|x64
		{FA334815-6D78-4E9A-9F4D-6C8A58222A57}.Debug|x86.ActiveCfg = Debug|x86
		{FA334815-6D78-4E9A-9F4D-6C8A58222A57}.Debug|x86.Build.0 = Debug|x86
		{FA334815-6D78-4E9A-9F4D-6C8A58222A57}.Release|x64.ActiveCfg = Release|x64
		{FA334815-6D78-4E9A-9F4D-6C8A58222A57}.Release|x64.Build.0 = Release|x64
		{FA334815-6D78-4E9A-9F4D-6C8A58222A57}.Release|x86.ActiveCfg = Release|x86
		{FA334815-6D78-4E9A-9F4D-6C8A58222A57}.Release|x86.Build.0 = Release|x86
		{EFC2A02B-1138-46EA-A496-F94D58AC6B3D}.Debug|x64.ActiveCfg = Debug|x64
		{EFC2A02B-1138-46EA-A496-F94D58AC6B3D}.Debug|x64.Build.0 = Debug|x64
		{EFC2A02B-1138-46EA-A496-F94D58AC6B3D}.Debug|x86.ActiveCfg = Debug|x86
		{EFC2A02B-1138-46EA-A496-F94D58AC6B3D}.Debug|x86.Build.0 = Debug|x86
		{EFC2A02B-1138-46EA-A496-F94D58AC6B3D}.Release|x64.ActiveCfg = Release|x64
		{EFC2A02B-1138-46EA-A496-F94D58AC6B3D}.Release|x64.Build.0 = Release|x64
		{EFC2A02B-1138-46EA-A496-F94D58AC6B3D}.Release|x86.ActiveCfg = Release|x86
		{EFC2A02B-1138-46EA-A496-F94D58AC6B3D}.Release|x86.Build.0 = Release|x86
		{EB61DFAC-51A6-44E3-869C-9BBDE830A40E}.Debug|x64.ActiveCfg = Debug|x64
		{EB61DFAC-51A6-44E3-869C-9BBDE830A40E}.Debug|x64.Build.0 = Debug|x64
		{EB61DFAC-51A6-44E3-869C-9BBDE830A40E}.Debug|x86.ActiveCfg = Debug|x86
		{EB61DFAC-51A6-44E3-869C-9BBDE830A40E}.Debug|x86.Build.0 = Debug|x86
		{EB61DFAC-51A6-44E3-869C-9BBDE830A40E}.Release|x64.ActiveCfg = Release|x64
		{EB61DFAC-51A6-44E3-869C-9BBDE830A40E}.Release|x64.Build.0 = Release|x64
		{EB61DFAC-51A6-44E3-869C-9BBDE830A40E}.Release|x86.ActiveCfg = Release|x86
		{EB61DFAC-51A6-44E3-869C-9BBDE830A40E}.Release|x86.Build.0 = Release|x86
		{E2F6F614-5007-471A-A22C-39B7D840376C}.Debug|x64.ActiveCfg = Debug|x64
		{E2F6F614-5007-471A-A22C-39B7D840376C}.Debug|x64.Build.0 = Debug|x64
		{E2F6F614-5007-471A-A22C-39B7D840376C}.Debug|x86.ActiveCfg = Debug|x86
		{E2F6F614-5007-471A-A22C-39B7D840376C}.Debug|x86.Build.0 = Debug|x86
		{E2F6F614-5007-471A-A22C-39B7D840376C}.Release|x64.ActiveCfg = Release|x64
		{E2F6F614-5007-471A-A22C-39B7D840376C}.Release|x64.Build.0 = Release|x64
		{E2F6F614-5007-471A-A22C-39B7D840376C}.Release|x86.ActiveCfg = Release|x86
		{E2F6F614-5007-471A-A22C-39B7D840376C}.Release|x86.Build.0 = Release|x86
		{AE350FF9-E471-473F-9898-2746D889D1BA}.Debug|x64.ActiveCfg = Debug|x64
		{AE350FF9-E471-473F-9898-2746D889D1BA}.Debug|x64.Build.0 = Debug|x64
		{AE350FF9-E471-473F-9898-2746D889D1BA}.Debug|x86.ActiveCfg = Debug|x86
		{AE350FF9-E471-473F-9898-2746D889D1BA}.Debug|x86.Build.0 = Debug|x86
		{AE350FF9-E471-473F-9898-2746D889D1BA}.Release|x64.ActiveCfg = Release|x64
		{AE350FF9-E471-473F-9898-2746D889D1BA}.Release|x64.Build.0 = Release|x64
		{AE350FF9-E471-473F-9898-2746D889D1BA}.Release|x86.ActiveCfg = Release|x86
		{AE350FF9-E471-473F-9898-2746D889D1BA}.Release|x86.Build.0 = Release|x86
		{8E9772C8-DFFD-4ABB-A319-8226F9A4EE14}.Debug|x64.ActiveCfg = Debug|x64
		{8E9772C8-DFFD-4ABB-A319-8226F9A4EE14}.Debug|x64.Build.0 = Debug|x64
		{8E9772C8-DFFD-4ABB-A319-8226F9A4EE14}.Debug|x86.ActiveCfg = Debug|x86
		{8E9772C8-DFFD-4ABB-A319-8226F9A4EE14}.Debug|x86.Build.0 = Debug|x86
		{8E9772C8-DFFD-4ABB-A319-8226F9A4EE14}.Release|x64.ActiveCfg = Release|x64
		{8E9772C8-DFFD-4ABB-A319-8226F9A4EE14}.Release|x64.Build.0 = Release|x64
		{8E9772C8-DFFD-4ABB-A319-8226F9A4EE14}.Release|x86.ActiveCfg = Release|x86
		{8E9772C8-DFFD-4ABB-A319-8226F9A4EE14}.Release|x86.Build.0 = Release|x86
		{CA19A4C1-85E7-4BB2-97C6-1AAA2B48C532}.Debug|x64.ActiveCfg = Debug|x64
		{CA19A4C1-85E7-4BB2-97C6-1AAA2B48C532}.Debug|x64.Build.0 = Debug|x64
		{CA19A4C1-85E7-4BB2-97C6-1AAA2B48C532}.Debug|x86.ActiveCfg = Debug|x86
		{CA19A4C1-85E7-4BB2-97C6-1AAA2B48C532}.Debug|x86.Build.0 = Debug|x86
		{CA19A4C1-85E7-4BB2-97C6-1AAA2B48C532}.Release|x64.ActiveCfg = Release|x64
		{CA19A4C1-85E7-4BB2-97C6-1AAA2B48C532}.Release|x64.Build.0 = Release|x64
		{CA19A4C1-85E7-4BB2-97C6-1AAA2B48C532}.Release|x86.ActiveCfg = Release|x86
		{CA19A4C1-85E7-4BB2-97C6-1AAA2B48C532}.Release|x86.Build.0 = Release|x86
		{2397EA24-CB8E-482F-8E93-F3D626D255E5}.Debug|x64.ActiveCfg = Debug|x64
		{2397EA24-CB8E-482F-8E93-F3D626D255E5}.Debug|x64.Build.0 = Debug|x64
		{2397EA24-CB8E-482F-8E93-F3D626D255E5}.Debug|x86.ActiveCfg = Debug|x86
		{2397EA24-CB8E-482F-8E93-F3D626D255E5}.Debug|x86.Build.0 = Debug|x86
		{2397EA24-CB8E-482F-8E93-F3D626D255E5}.Release|x64.ActiveCfg = Release|x64
		{2397EA24-CB8E-482F-8E93-F3D626D255E5}.Release|x64.Build.0 = Release|x64
		{2397EA24-CB8E-482F-8E93-F3D626D255E5}.Release|x86.ActiveCfg = Release|x86
		{2397EA24-CB8E-482F-8E93-F3D626D255E5}.Release|x86.Build.0 = Release|x86
		{92D73867-1202-43E5-B615-FB998ED8F796}.Debug|x64.ActiveCfg = Debug|x64
		{92D73867-1202-43E5-B615-FB998ED8F796}.Debug|x64.Build.0 = Debug|x64
		{92D73867-1202-43E5-B615-FB998ED8F796}.Debug|x86.ActiveCfg = Debug|x86
		{92D73867-1202-43E5-B615-FB998ED8F796}.Debug|x86.Build.0 = Debug|x86
		{92D73867-1202-43E5-B615-FB998ED8F796}.Release|x64.ActiveCfg = Release|x64
		{92D73867-1202-43E5-B615-FB998ED8F796}.Release|x64.Build.0 = Release|x64
		{92D73867-1202-43E5-B615-FB998ED8F796}.Release|x86.ActiveCfg = Release|x86
		{92D73867-1202-43E5-B615-FB998ED8F796}.Release|x86.Build.0 = Release|x86
		{8F6B306B-3E55-4295-B822-BF29E7781B2B}.Debug|x64.ActiveCfg = Debug|x64
		{8F6B306B-3E55-4295-B822-BF29E7781B2B}.Debug|x64.Build.0 = Debug|x64
		{8F6B306B-3E55-4295-B822-BF29E7781B2B}.Debug|x86.ActiveCfg = Debug|x86
		{8F6B306B-3E55-4295-B822-BF29E7781B2B}.Debug|x86.Build.0 = Debug|x86
		{8F6B306B-3E55-4295-B822-BF29E7781B2B}.Release|x64.ActiveCfg = Release|x64
		{8F6B306B-3E55-4295-B822-BF29E7781B2B}.Release|x64.Build.0 = Release|x64
		{8F6B306B-3E55-4295-B822-BF29E7781B2B}.Release|x86.ActiveCfg = Release|x86
		{8F6B306B-3E55-4295-B822-BF29E7781B2B}.Release|x86.Build.0 = Release|x86
		{3EAAFD71-DD96-427D-8793-643DADD2F3A3}.Debug|x64.ActiveCfg = Debug|x64
		{3EAAFD71-DD96-427D-8793-643DADD2F3A3}.Debug|x64.Build.0 = Debug|x64
		{3EAAFD71-DD96-427D-8793-643DADD2F3A3}.Debug|x86.ActiveCfg = Debug|x86
		{3EAAFD71-DD96-427D-8793-643DADD2F3A3}.Debug|x86.Build.0 = Debug|x86
		{3EAAFD71-DD96-427D-8793-643DADD2F3A3}.Release|x64.ActiveCfg = Release|x64
		{3EAAFD71-DD96-427D-8793-643DADD2F3A3}.Release|x64.Build.0 = Release|x64
		{3EAAFD71-DD96-427D-8793-643DADD2F3A3}.Release|x86.ActiveCfg = Release|x86
		{3EAAFD71-DD96-427D-8793-643DADD2F3A3}.Release|x86.Build.0 = Release|x86
		{5D9A72E7-4B33-4177-AD7C-1B46591005FD}.Debug|x64.ActiveCfg = Debug|x64
		{5D9A72E7-4B33-4177-AD7C-1B46591005FD}.Debug|x64.Build.0 = Debug|x64
		{5D9A72E7-4B33-4177-AD7C-1B46591005FD}.Debug|x86.ActiveCfg = Debug|x86
		{5D9A72E7-4B33-4177-AD7C-1B46591005FD}.Debug|x86.Build.0 = Debug|x86
		{5D9A72E7-4B33-4177-AD7C-1B46591005FD}.Release|x64.ActiveCfg = Release|x64
		{5D9A72E7-4B33-4177-AD7C-1B46591005FD}.Release|x64.Build.0 = Release|x64
		{5D9A72E7-4B33-4177-AD7C-1B46591005FD}.Release|x86.ActiveCfg = Release|x86
		{5D9A72E7-4B33-4177-AD7C-1B46591005FD}.Release|x86.Build.0 = Release|x86
		{87D4149C-E716-49F6-848F-ACA345D11B30}.Debug|x64.ActiveCfg = Debug|x64
		{87D4149C-E716-49F6-848F-ACA345D11B30}.Debug|x64.Build.0 = Debug|x64
		{87D4149C-E716-49F6-848F-ACA345D11B30}.Debug|x86.ActiveCfg = Debug|x86
		{87D4149C-E716-49F6-848F-ACA345D11B30}.Debug|x86.Build.0 = Debug|x86
		{87D4149C-E716-49F6-848F-ACA345D11B30}.Release|x64.ActiveCfg = Release|x64
		{87D4149C-E716-49F6-848F-ACA345D11B30}.Release|x64.Build.0 = Release|x64
		{87D4149C-E716-49F6-848F-ACA345D11B30}.Release|x86.ActiveCfg = Release|x86
		{87D4149C-E716-49F6-848F-ACA345D11B30}.Release|x86.Build.0 = Release|x86
		{934E79A8-2B20-4E0E-A145-08404493A7F6}.Debug|x64.ActiveCfg = Debug|x64
		{934E79A8-2B20-4E0E-A145-08404493A7F6}.Debug|x64.Build.0 = Debug|x64
		{934E79A8-2B20-4E0E-A145-08404493A7F6}.Debug|x86.ActiveCfg = Debug|x86
		{934E79A8-2B20-4E0E-A145-08404493A7F6}.Debug|x86.Build.0 = Debug|x86
		{934E79A8-2B20-4E0E-A145-08404493A7F6}.Release|x64.ActiveCfg = Release|x64
		{934E79A8-2B20-4E0E-A145-08404493A7F6}.Release|x64.Build.0 = Release|x64
		{934E79A8-2B20-4E0E-A145-08404493A7F6}.Release|x86.ActiveCfg = Release|x86
		{934E79A8-2B20-4E0E-A145-08404493A7F6}.Release|x86.Build.0 = Release|x86
		{98E13BC4-6196-4346-AB4F-92DE33D84589}.Debug|x64.ActiveCfg = Debug|x64
		{98E13BC4-6196-4346-AB4F-92DE33D84589}.Debug|x64.Build.0 = Debug|x64
		{98E13BC4-6196-4346-AB4F-92DE33D84589}.Debug|x86.ActiveCfg = Debug|x86
		{98E13BC4-6196-4346-AB4F-92DE33D84589}.Debug|x86.Build.0 = Debug|x86
		{98E13BC4-6196-4346-AB4F-92DE33D84589}.Release|x64.ActiveCfg = Release|x64
		{98E13BC4-6196-4346-AB4F-92DE33D84589}.Release|x64.Build.0 = Release|x64
		{98E13BC4-6196-4346-AB4F-92DE33D84589}.Release|x86.ActiveCfg = Release|x86
		{98E13BC4-6196-4346-AB4F-92DE33D84589}.Release|x86.Build.0 = Release|x86
		{7987FD7B-AAC9-4C7F-8188-C54FDE35C3D6}.Debug|x64.ActiveCfg = Debug|x64
		{7987FD7B-AAC9-4C7F-8188-C54FDE35C3D6}.Debug|x64.Build.0 = Debug|x64
		{7987FD7B-AAC9-4C7F-8188-C54FDE35C3D6}.Debug|x86.ActiveCfg = Debug|x86
		{7987FD7B-AAC9-4C7F-8188-C54FDE35C3D6}.Debug|x86.Build.0 = Debug|x86
		{7987FD7B-AAC9-4C7F-8188-C54FDE35C3D6}.Release|x64.ActiveCfg = Release|x64
		{7987FD7B-AAC9-4C7F-8188-C54FDE35C3D6}.Release|x64.Build.0 = Release|x64
		{7987FD7B-AAC9-4C7F-8188-C54FDE35C3D6}.Release|x86.ActiveCfg = Release|x86
		{7987FD7B-AAC9-4C7F-8188-C54FDE35C3D6}.Release|x86.Build.0 = Release|x86
		{61E45B12-B972-136D-6066-1CD28A5429E1}.Debug|x64.ActiveCfg = Debug|x64
		{61E45B12-B972-136D-6066-1CD28A5429E1}.Debug|x64.Build.0 = Debug|x64
		{61E45B12-B972-136D-6066-1CD28A5429E1}.Debug|x86.ActiveCfg = Debug|x86
		{61E45B12-B972-136D-6066-1CD28A5429E1}.Debug|x86.Build.0 = Debug|x86
		{61E45B12-B972-136D-6066-1CD28A5429E1}.Release|x64.ActiveCfg = Release|x64
		{61E45B12-B972-136D-6066-1CD28A5429E1}.Release|x64.Build.0 = Release|x64
		{61E45B12-B972-136D-6066-1CD28A5429E1}.Release|x86.ActiveCfg = Release|x86
		{61E45B12-B972-136D-6066-1CD28A5429E1}.Release|x86.Build.0 = Release|x86
		{E1E456E7-D224-460F-9C65-C6FFAD69F1A5}.Debug|x64.ActiveCfg = Debug|x64
		{E1E456E7-D224-460F-9C65-C6FFAD69F1A5}.Debug|x64.Build.0 = Debug|x64
		{E1E456E7-D224-460F-9C65-C6FFAD69F1A5}.Debug|x86.ActiveCfg = Debug|x86
		{E1E456E7-D224-460F-9C65-C6FFAD69F1A5}.Debug|x86.Build.0 = Debug|x86
		{E1E456E7-D224-460F-9C65-C6FFAD69F1A5}.Release|x64.ActiveCfg = Release|x64
		{E1E456E7-D224-460F-9C65-C6FFAD69F1A5}.Release|x64.Build.0 = Release|x64
		{E1E456E7-D224-460F-9C65-C6FFAD69F1A5}.Release|x86.ActiveCfg = Release|x86
		{E1E456E7-D224-460F-9C65-C6FFAD69F1A5}.Release|x86.Build.0 = Release|x86
		{E9735476-7460-42E5-AA5A-8F3244C3B0A5}.Debug|x64.ActiveCfg = Debug|x64
		{E9735476-7460-42E5-AA5A-8F3244C3B0A5}.Debug|x64.Build.0 = Debug|x64
		{E9735476-7460-42E5-AA5A-8F3244C3B0A5}.Debug|x86.ActiveCfg = Debug|x86
		{E9735476-7460-42E5-AA5A-8F3244C3B0A5}.Debug|x86.Build.0 = Debug|x86
		{E9735476-7460-42E5-AA5A-8F3244C3B0A5}.Release|x64.ActiveCfg = Release|x64
		{E9735476-7460-42E5-AA5A-8F3244C3B0A5}.Release|x64.Build.0 = Release|x64
		{E9735476-7460-42E5-AA5A-8F3244C3B0A5}.Release|x86.ActiveCfg = Release|x86
		{E9735476-7460-42E5-AA5A-8F3244C3B0A5}.Release|x86.Build.0 = Release|x86
		{B7DD9EF9-2AD4-4FB7-9576-35B92502D1AD}.Debug|x64.ActiveCfg = Debug|x64
		{B7DD9EF9-2AD4-4FB7-9576-35B92502D1AD}.Debug|x64.Build.0 = Debug|x64
		{B7DD9EF9-2AD4-4FB7-9576-35B92502D1AD}.Debug|x86.ActiveCfg = Debug|x86
		{B7DD9EF9-2AD4-4FB7-9576-35B92502D1AD}.Debug|x86.Build.0 = Debug|x86
		{B7DD9EF9-2AD4-4FB7-9576-35B92502D1AD}.Release|x64.ActiveCfg = Release|x64
		{B7DD9EF9-2AD4-4FB7-9576-35B92502D1AD}.Release|x64.Build.0 = Release|x64
		{B7DD9EF9-2AD4-4FB7-9576-35B92502D1AD}.Release|x86.ActiveCfg = Release|x86
		{B7DD9EF9-2AD4-4FB7-9576-35B92502D1AD}.Release|x86.Build.0 = Release|x86
	EndGlobalSection
	GlobalSection(SolutionProperties) = preSolution
		HideSolutionNode = FALSE
	EndGlobalSection
	GlobalSection(NestedProjects) = preSolution
		{A0421DCD-80D1-44D8-8243-6A33F83A692C} = {642147AB-23FD-4715-AE26-90BE6C755FD0}
		{F19472F5-8C44-4C51-A8A0-B9DE5F555255} = {5FED724C-4009-411F-BA19-FEC3642B956D}
		{FA334815-6D78-4E9A-9F4D-6C8A58222A57} = {5FED724C-4009-411F-BA19-FEC3642B956D}
		{EB61DFAC-51A6-44E3-869C-9BBDE830A40E} = {642147AB-23FD-4715-AE26-90BE6C755FD0}
		{E2F6F614-5007-471A-A22C-39B7D840376C} = {642147AB-23FD-4715-AE26-90BE6C755FD0}
		{8E9772C8-DFFD-4ABB-A319-8226F9A4EE14} = {0AC29DCD-5AA3-4658-A945-F5B5BCE8FD5E}
		{CA19A4C1-85E7-4BB2-97C6-1AAA2B48C532} = {0AC29DCD-5AA3-4658-A945-F5B5BCE8FD5E}
		{2397EA24-CB8E-482F-8E93-F3D626D255E5} = {0AC29DCD-5AA3-4658-A945-F5B5BCE8FD5E}
		{92D73867-1202-43E5-B615-FB998ED8F796} = {0AC29DCD-5AA3-4658-A945-F5B5BCE8FD5E}
		{8F6B306B-3E55-4295-B822-BF29E7781B2B} = {0AC29DCD-5AA3-4658-A945-F5B5BCE8FD5E}
		{3EAAFD71-DD96-427D-8793-643DADD2F3A3} = {642147AB-23FD-4715-AE26-90BE6C755FD0}
		{5D9A72E7-4B33-4177-AD7C-1B46591005FD} = {642147AB-23FD-4715-AE26-90BE6C755FD0}
		{87D4149C-E716-49F6-848F-ACA345D11B30} = {642147AB-23FD-4715-AE26-90BE6C755FD0}
		{98E13BC4-6196-4346-AB4F-92DE33D84589} = {642147AB-23FD-4715-AE26-90BE6C755FD0}
		{7987FD7B-AAC9-4C7F-8188-C54FDE35C3D6} = {642147AB-23FD-4715-AE26-90BE6C755FD0}
		{61E45B12-B972-136D-6066-1CD28A5429E1} = {642147AB-23FD-4715-AE26-90BE6C755FD0}
		{E1E456E7-D224-460F-9C65-C6FFAD69F1A5} = {5FED724C-4009-411F-BA19-FEC3642B956D}
		{E9735476-7460-42E5-AA5A-8F3244C3B0A5} = {5FED724C-4009-411F-BA19-FEC3642B956D}
	EndGlobalSection
	GlobalSection(ExtensibilityGlobals) = postSolution
		SolutionGuid = {E1C98156-D4B8-411B-8A31-0EFC1D63BFBE}
	EndGlobalSection
EndGlobal
